
Microsoft Visual Studio Solution File, Format Version 12.00
# Visual Studio 2012
Project("{FAE04EC0-301F-11D3-BF4B-00C04F79EFBC}") = "mtl1", "mtl1\mtl1.csproj", "{CA196811-58CA-46D0-A46C-28BE75F65155}"
EndProject
Global
	GlobalSection(SolutionConfigurationPlatforms) = preSolution
		Debug|Any CPU = Debug|Any CPU
		Release|Any CPU = Release|Any CPU
	EndGlobalSection
	GlobalSection(ProjectConfigurationPlatforms) = postSolution
		{CA196811-58CA-46D0-A46C-28BE75F65155}.Debug|Any CPU.ActiveCfg = Debug|Any CPU
		{CA196811-58CA-46D0-A46C-28BE75F65155}.Debug|Any CPU.Build.0 = Debug|Any CPU
		{CA196811-58CA-46D0-A46C-28BE75F65155}.Release|Any CPU.ActiveCfg = Release|Any CPU
		{CA196811-58CA-46D0-A46C-28BE75F65155}.Release|Any CPU.Build.0 = Release|Any CPU
	EndGlobalSection
	GlobalSection(SolutionProperties) = preSolution
		HideSolutionNode = FALSE
	EndGlobalSection
EndGlobal
